
Microsoft Visual Studio Solution File, Format Version 12.00
# Visual Studio Version 17
VisualStudioVersion = 17.3.32929.385
MinimumVisualStudioVersion = 10.0.40219.1
Project("{FAE04EC0-301F-11D3-BF4B-00C04F79EFBC}") = "Rebuild-content-api", "Rebuild-content-api\Rebuild-content-api.csproj", "{3FB62C8E-A6E3-4B5D-80D1-D87C94849454}"
EndProject
Global
	GlobalSection(SolutionConfigurationPlatforms) = preSolution
		Debug|Any CPU = Debug|Any CPU
		Release|Any CPU = Release|Any CPU
	EndGlobalSection
	GlobalSection(ProjectConfigurationPlatforms) = postSolution
		{3FB62C8E-A6E3-4B5D-80D1-D87C94849454}.Debug|Any CPU.ActiveCfg = Debug|Any CPU
		{3FB62C8E-A6E3-4B5D-80D1-D87C94849454}.Debug|Any CPU.Build.0 = Debug|Any CPU
		{3FB62C8E-A6E3-4B5D-80D1-D87C94849454}.Release|Any CPU.ActiveCfg = Release|Any CPU
		{3FB62C8E-A6E3-4B5D-80D1-D87C94849454}.Release|Any CPU.Build.0 = Release|Any CPU
	EndGlobalSection
	GlobalSection(SolutionProperties) = preSolution
		HideSolutionNode = FALSE
	EndGlobalSection
	GlobalSection(ExtensibilityGlobals) = postSolution
		SolutionGuid = {BB97EC32-D4C4-4867-89D7-62F13B4C6D55}
	EndGlobalSection
EndGlobal
